
Microsoft Visual Studio Solution File, Format Version 12.00
# Visual Studio Version 17
VisualStudioVersion = 17.4.33205.214
MinimumVisualStudioVersion = 10.0.40219.1
Project("{FAE04EC0-301F-11D3-BF4B-00C04F79EFBC}") = "LibraryManagementApp", "LibraryManagementApp\LibraryManagementApp.csproj", "{A56500A7-5B09-4786-8D28-D07B66F8575B}"
EndProject
Global
	GlobalSection(SolutionConfigurationPlatforms) = preSolution
		Debug|Any CPU = Debug|Any CPU
		Release|Any CPU = Release|Any CPU
	EndGlobalSection
	GlobalSection(ProjectConfigurationPlatforms) = postSolution
		{A56500A7-5B09-4786-8D28-D07B66F8575B}.Debug|Any CPU.ActiveCfg = Debug|Any CPU
		{A56500A7-5B09-4786-8D28-D07B66F8575B}.Debug|Any CPU.Build.0 = Debug|Any CPU
		{A56500A7-5B09-4786-8D28-D07B66F8575B}.Release|Any CPU.ActiveCfg = Release|Any CPU
		{A56500A7-5B09-4786-8D28-D07B66F8575B}.Release|Any CPU.Build.0 = Release|Any CPU
	EndGlobalSection
	GlobalSection(SolutionProperties) = preSolution
		HideSolutionNode = FALSE
	EndGlobalSection
	GlobalSection(ExtensibilityGlobals) = postSolution
		SolutionGuid = {8BB6B729-3CF5-402B-B415-F45F876CA24D}
	EndGlobalSection
EndGlobal
